{
  "object": {
    "pins": [
      {
        "package": "libPhoneNumber",
        "repositoryURL": "https://github.com/alex1704/libPhoneNumber-iOS",
        "state": {
          "branch": "master",
          "revision": "c1cb44dbc48adb389c135e36745c31e517150e49",
          "version": null
        }
      }
    ]
  },
  "version": 1
}
